
Microsoft Visual Studio Solution File, Format Version 12.00
# Visual Studio Version 17
VisualStudioVersion = 17.10.35122.118
MinimumVisualStudioVersion = 10.0.40219.1
Project("{2150E333-8FDC-42A3-9474-1A3956D46DE8}") = "Services", "Services", "{4B1C64AF-4D94-4B0E-875F-9A6B0DF5CAD2}"
EndProject
Project("{2150E333-8FDC-42A3-9474-1A3956D46DE8}") = "Catalog", "Catalog", "{69F3E2FB-4E2F-4EFF-B016-74CFF4B7BD54}"
EndProject
Project("{9A19103F-16F7-4668-BE54-9A1E7A4F7556}") = "CatalogAPI", "Services\Catalog\CatalogAPI\CatalogAPI.csproj", "{0B1E7F1D-CAEF-4902-AFAD-3B1309C6EAF5}"
EndProject
Project("{2150E333-8FDC-42A3-9474-1A3956D46DE8}") = "BuildingBlocks", "BuildingBlocks", "{A1688BD9-A498-4CF5-B4AB-B6B5941ABCE4}"
EndProject
Project("{9A19103F-16F7-4668-BE54-9A1E7A4F7556}") = "BuildingBlocks", "BuildingBlocks\BuildingBlocks\BuildingBlocks.csproj", "{A4474C7C-8A4C-4308-9AD7-58180C97DD4B}"
EndProject
Project("{E53339B2-1760-4266-BCC7-CA923CBCF16C}") = "docker-compose", "docker-compose.dcproj", "{8E84161C-665A-4369-94E1-960DFCE7600B}"
EndProject
Project("{2150E333-8FDC-42A3-9474-1A3956D46DE8}") = "Basket", "Basket", "{F99559D9-26BD-44DE-AAAC-CDFEA4C556F3}"
EndProject
Project("{9A19103F-16F7-4668-BE54-9A1E7A4F7556}") = "Basket.API", "Services\Basket\Basket.API\Basket.API.csproj", "{2054D3DC-0D44-4A53-9DA3-3E92308442CA}"
EndProject
Project("{2150E333-8FDC-42A3-9474-1A3956D46DE8}") = "Discount", "Discount", "{71278719-17E6-4F68-9368-4ABD3425A32A}"
EndProject
Project("{FAE04EC0-301F-11D3-BF4B-00C04F79EFBC}") = "Discount.Grpc", "Services\Discount\Discount.Grpc\Discount.Grpc.csproj", "{71EB451E-2367-4697-8902-64D7AF952232}"
EndProject
Global
	GlobalSection(SolutionConfigurationPlatforms) = preSolution
		Debug|Any CPU = Debug|Any CPU
		Release|Any CPU = Release|Any CPU
	EndGlobalSection
	GlobalSection(ProjectConfigurationPlatforms) = postSolution
		{0B1E7F1D-CAEF-4902-AFAD-3B1309C6EAF5}.Debug|Any CPU.ActiveCfg = Debug|Any CPU
		{0B1E7F1D-CAEF-4902-AFAD-3B1309C6EAF5}.Debug|Any CPU.Build.0 = Debug|Any CPU
		{0B1E7F1D-CAEF-4902-AFAD-3B1309C6EAF5}.Release|Any CPU.ActiveCfg = Release|Any CPU
		{0B1E7F1D-CAEF-4902-AFAD-3B1309C6EAF5}.Release|Any CPU.Build.0 = Release|Any CPU
		{A4474C7C-8A4C-4308-9AD7-58180C97DD4B}.Debug|Any CPU.ActiveCfg = Debug|Any CPU
		{A4474C7C-8A4C-4308-9AD7-58180C97DD4B}.Debug|Any CPU.Build.0 = Debug|Any CPU
		{A4474C7C-8A4C-4308-9AD7-58180C97DD4B}.Release|Any CPU.ActiveCfg = Release|Any CPU
		{A4474C7C-8A4C-4308-9AD7-58180C97DD4B}.Release|Any CPU.Build.0 = Release|Any CPU
		{8E84161C-665A-4369-94E1-960DFCE7600B}.Debug|Any CPU.ActiveCfg = Debug|Any CPU
		{8E84161C-665A-4369-94E1-960DFCE7600B}.Debug|Any CPU.Build.0 = Debug|Any CPU
		{8E84161C-665A-4369-94E1-960DFCE7600B}.Release|Any CPU.ActiveCfg = Release|Any CPU
		{8E84161C-665A-4369-94E1-960DFCE7600B}.Release|Any CPU.Build.0 = Release|Any CPU
		{2054D3DC-0D44-4A53-9DA3-3E92308442CA}.Debug|Any CPU.ActiveCfg = Debug|Any CPU
		{2054D3DC-0D44-4A53-9DA3-3E92308442CA}.Debug|Any CPU.Build.0 = Debug|Any CPU
		{2054D3DC-0D44-4A53-9DA3-3E92308442CA}.Release|Any CPU.ActiveCfg = Release|Any CPU
		{2054D3DC-0D44-4A53-9DA3-3E92308442CA}.Release|Any CPU.Build.0 = Release|Any CPU
		{71EB451E-2367-4697-8902-64D7AF952232}.Debug|Any CPU.ActiveCfg = Debug|Any CPU
		{71EB451E-2367-4697-8902-64D7AF952232}.Debug|Any CPU.Build.0 = Debug|Any CPU
		{71EB451E-2367-4697-8902-64D7AF952232}.Release|Any CPU.ActiveCfg = Release|Any CPU
		{71EB451E-2367-4697-8902-64D7AF952232}.Release|Any CPU.Build.0 = Release|Any CPU
	EndGlobalSection
	GlobalSection(SolutionProperties) = preSolution
		HideSolutionNode = FALSE
	EndGlobalSection
	GlobalSection(NestedProjects) = preSolution
		{69F3E2FB-4E2F-4EFF-B016-74CFF4B7BD54} = {4B1C64AF-4D94-4B0E-875F-9A6B0DF5CAD2}
		{0B1E7F1D-CAEF-4902-AFAD-3B1309C6EAF5} = {69F3E2FB-4E2F-4EFF-B016-74CFF4B7BD54}
		{A4474C7C-8A4C-4308-9AD7-58180C97DD4B} = {A1688BD9-A498-4CF5-B4AB-B6B5941ABCE4}
		{F99559D9-26BD-44DE-AAAC-CDFEA4C556F3} = {4B1C64AF-4D94-4B0E-875F-9A6B0DF5CAD2}
		{2054D3DC-0D44-4A53-9DA3-3E92308442CA} = {F99559D9-26BD-44DE-AAAC-CDFEA4C556F3}
		{71278719-17E6-4F68-9368-4ABD3425A32A} = {4B1C64AF-4D94-4B0E-875F-9A6B0DF5CAD2}
		{71EB451E-2367-4697-8902-64D7AF952232} = {71278719-17E6-4F68-9368-4ABD3425A32A}
	EndGlobalSection
	GlobalSection(ExtensibilityGlobals) = postSolution
		SolutionGuid = {D4C60523-CEE3-4F9C-9F5D-BD7076354317}
	EndGlobalSection
EndGlobal
